FORGE
  remote: https://forgeapi.puppetlabs.com
  specs:
    puppetlabs-apt (2.2.2)
      puppetlabs-stdlib (< 5.0.0, >= 4.5.0)
    puppetlabs-concat (2.1.0)
      puppetlabs-stdlib (< 5.0.0, >= 3.2.0)
    puppetlabs-stdlib (4.12.0)
    ripienaar-module_data (0.5.2)
    rodjek-logrotate (1.1.1)

GIT
  remote: git://github.com/camptocamp/puppet-archive.git
  ref: master
  sha: 71b5de9a2042f34a63df4f72c84705cf8acfb903
  specs:
    camptocamp-archive (0.8.1)

GIT
  remote: git://github.com/pulling-strings/puppet-backup.git
  ref: master
  sha: 9d417e5de4f610cd1371b649f07b4ce1aa5d2aab
  specs:
    strings-backup (0.1.1)
      rodjek-logrotate (>= 1.1.1)

GIT
  remote: git://github.com/pulling-strings/puppet-barbecue.git
  ref: master
  sha: da7a48739224ca7e7c058b934a694d6b6de1cc07
  specs:
    strings-barbecue (0.0.2)
      puppetlabs-apt (>= 1.5.2)

GIT
  remote: git://github.com/pulling-strings/puppet-editfile.git
  ref: master
  sha: cb513b37b185375454bf2f767fa8ea2b992595dd
  specs:
    strings-editfile (0.1.0)

GIT
  remote: git://github.com/pulling-strings/puppet-gitblit.git
  ref: master
  sha: b9917c8b8dcccd6ce7269d4266e9cdf76ba11002
  specs:
    strings-gitblit (0.0.1)
      puppetlabs-concat (>= 1.2.0)
      puppetlabs-stdlib (>= 2.2.1)

GIT
  remote: git://github.com/pulling-strings/puppet-jdk.git
  ref: master
  sha: cc2b255f6d1eca99f0ef68807ad3f8dae313b8af
  specs:
    strings-jdk (0.1.0)
      puppetlabs-apt (< 3.0.0, >= 2.0.0)
      puppetlabs-stdlib (>= 2.2.1)

DEPENDENCIES
  camptocamp-archive (>= 0)
  puppetlabs-apt (>= 0)
  puppetlabs-stdlib (>= 0)
  ripienaar-module_data (>= 0)
  strings-backup (>= 0)
  strings-barbecue (>= 0)
  strings-editfile (>= 0)
  strings-gitblit (>= 0)
  strings-jdk (>= 0)

